
Microsoft Visual Studio Solution File, Format Version 12.00
# Visual Studio Version 17
VisualStudioVersion = 17.0.32014.148
MinimumVisualStudioVersion = 10.0.40219.1
Project("{FAE04EC0-301F-11D3-BF4B-00C04F79EFBC}") = "Prikkerticker", "Prikkerticker\Prikkerticker.csproj", "{C0564521-C698-4C03-9186-7079CEC2ADC0}"
EndProject
Global
	GlobalSection(SolutionConfigurationPlatforms) = preSolution
		Debug|Any CPU = Debug|Any CPU
		Release|Any CPU = Release|Any CPU
	EndGlobalSection
	GlobalSection(ProjectConfigurationPlatforms) = postSolution
		{C0564521-C698-4C03-9186-7079CEC2ADC0}.Debug|Any CPU.ActiveCfg = Debug|Any CPU
		{C0564521-C698-4C03-9186-7079CEC2ADC0}.Debug|Any CPU.Build.0 = Debug|Any CPU
		{C0564521-C698-4C03-9186-7079CEC2ADC0}.Release|Any CPU.ActiveCfg = Release|Any CPU
		{C0564521-C698-4C03-9186-7079CEC2ADC0}.Release|Any CPU.Build.0 = Release|Any CPU
	EndGlobalSection
	GlobalSection(SolutionProperties) = preSolution
		HideSolutionNode = FALSE
	EndGlobalSection
	GlobalSection(ExtensibilityGlobals) = postSolution
		SolutionGuid = {F9846E5D-B9BE-4125-89E3-2821D4420E6C}
	EndGlobalSection
EndGlobal
